
Microsoft Visual Studio Solution File, Format Version 12.00
# Visual Studio Version 16
VisualStudioVersion = 16.0.31624.102
MinimumVisualStudioVersion = 10.0.40219.1
Project("{2150E333-8FDC-42A3-9474-1A3956D46DE8}") = "Backend", "Backend", "{3251C5BF-D0A9-4E96-AE1D-C37542852896}"
EndProject
Project("{2150E333-8FDC-42A3-9474-1A3956D46DE8}") = "Frontend", "Frontend", "{C56BB8BB-CCA2-4602-8756-D71F35CDF819}"
EndProject
Project("{9A19103F-16F7-4668-BE54-9A1E7A4F7556}") = "PrimerProyectoClubDeportivoPA2.Web", "PrimerProyectoClubDeportivoPA2.Web\PrimerProyectoClubDeportivoPA2.Web.csproj", "{ED26D904-49C0-49B3-8DD8-2B6B7D04B6B3}"
EndProject
Global
	GlobalSection(SolutionConfigurationPlatforms) = preSolution
		Debug|Any CPU = Debug|Any CPU
		Debug|iPhone = Debug|iPhone
		Debug|iPhoneSimulator = Debug|iPhoneSimulator
		Release|Any CPU = Release|Any CPU
		Release|iPhone = Release|iPhone
		Release|iPhoneSimulator = Release|iPhoneSimulator
	EndGlobalSection
	GlobalSection(ProjectConfigurationPlatforms) = postSolution
		{ED26D904-49C0-49B3-8DD8-2B6B7D04B6B3}.Debug|Any CPU.ActiveCfg = Debug|Any CPU
		{ED26D904-49C0-49B3-8DD8-2B6B7D04B6B3}.Debug|Any CPU.Build.0 = Debug|Any CPU
		{ED26D904-49C0-49B3-8DD8-2B6B7D04B6B3}.Debug|iPhone.ActiveCfg = Debug|Any CPU
		{ED26D904-49C0-49B3-8DD8-2B6B7D04B6B3}.Debug|iPhone.Build.0 = Debug|Any CPU
		{ED26D904-49C0-49B3-8DD8-2B6B7D04B6B3}.Debug|iPhoneSimulator.ActiveCfg = Debug|Any CPU
		{ED26D904-49C0-49B3-8DD8-2B6B7D04B6B3}.Debug|iPhoneSimulator.Build.0 = Debug|Any CPU
		{ED26D904-49C0-49B3-8DD8-2B6B7D04B6B3}.Release|Any CPU.ActiveCfg = Release|Any CPU
		{ED26D904-49C0-49B3-8DD8-2B6B7D04B6B3}.Release|Any CPU.Build.0 = Release|Any CPU
		{ED26D904-49C0-49B3-8DD8-2B6B7D04B6B3}.Release|iPhone.ActiveCfg = Release|Any CPU
		{ED26D904-49C0-49B3-8DD8-2B6B7D04B6B3}.Release|iPhone.Build.0 = Release|Any CPU
		{ED26D904-49C0-49B3-8DD8-2B6B7D04B6B3}.Release|iPhoneSimulator.ActiveCfg = Release|Any CPU
		{ED26D904-49C0-49B3-8DD8-2B6B7D04B6B3}.Release|iPhoneSimulator.Build.0 = Release|Any CPU
	EndGlobalSection
	GlobalSection(SolutionProperties) = preSolution
		HideSolutionNode = FALSE
	EndGlobalSection
	GlobalSection(NestedProjects) = preSolution
		{ED26D904-49C0-49B3-8DD8-2B6B7D04B6B3} = {3251C5BF-D0A9-4E96-AE1D-C37542852896}
	EndGlobalSection
	GlobalSection(ExtensibilityGlobals) = postSolution
		SolutionGuid = {18E0113E-BD3D-49AA-A5B9-F9A44A74C4A8}
	EndGlobalSection
EndGlobal
